{
  "name": "tmc",
  "version": "1.0.0",
  "lockfileVersion": 3,
  "requires": true,
  "packages": {
    "": {
      "name": "tmc",
      "version": "1.0.0",
      "license": "ISC",
      "dependencies": {
        "react-square-web-payments-sdk": "^3.2.1",
        "square": "^38.2.0"
      }
    },
    "node_modules/@apimatic/authentication-adapters": {
      "version": "0.5.5",
      "resolved": "https://registry.npmjs.org/@apimatic/authentication-adapters/-/authentication-adapters-0.5.5.tgz",
      "integrity": "sha512-+Pb1TVKyrSIEiRKrny0XLWeKn32ecthQlaU21ywx6y//+tm1tJbGIrCmcYt5NSyEfiAMbIKGQAtLCTtPlqvu8w==",
      "license": "MIT",
      "dependencies": {
        "@apimatic/core-interfaces": "^0.2.7",
        "@apimatic/http-headers": "^0.3.3",
        "@apimatic/http-query": "^0.3.3",
        "tslib": "^2.1.0"
      },
      "engines": {
        "node": ">=14.15.0 || >=16.0.0"
      }
    },
    "node_modules/@apimatic/axios-client-adapter": {
      "version": "0.3.6",
      "resolved": "https://registry.npmjs.org/@apimatic/axios-client-adapter/-/axios-client-adapter-0.3.6.tgz",
      "integrity": "sha512-QQqwE/BKhdHlIF3HK3U/s50RFYrCKHYuIwYtBbTkzsT+PKYbuNH16qvTayxVCXShgIxa7IVdIihGo/L9Db5/DQ==",
      "license": "MIT",
      "dependencies": {
        "@apimatic/convert-to-stream": "^0.1.3",
        "@apimatic/core-interfaces": "^0.2.7",
        "@apimatic/file-wrapper": "^0.3.3",
        "@apimatic/http-headers": "^0.3.3",
        "@apimatic/http-query": "^0.3.3",
        "@apimatic/json-bigint": "^1.2.0",
        "@apimatic/schema": "^0.7.13",
        "axios": "^1.7.4",
        "detect-browser": "^5.3.0",
        "detect-node": "^2.0.4",
        "form-data": "^3.0.0",
        "lodash.flatmap": "^4.5.0",
        "tiny-warning": "^1.0.3",
        "tslib": "^2.1.0"
      },
      "engines": {
        "node": ">=14.15.0 || >=16.0.0"
      }
    },
    "node_modules/@apimatic/convert-to-stream": {
      "version": "0.1.3",
      "resolved": "https://registry.npmjs.org/@apimatic/convert-to-stream/-/convert-to-stream-0.1.3.tgz",
      "integrity": "sha512-PzQdEXY0V7CHrJsD0G3YoAZSgVaO5Dweqop0b3S4sB+WdFGkAOiF4Qwl/aZZxsbfOnmEanOAOq+gf+noKQ43eg==",
      "license": "ISC",
      "engines": {
        "node": ">=14.15.0 || >=16.0.0"
      }
    },
    "node_modules/@apimatic/core": {
      "version": "0.10.15",
      "resolved": "https://registry.npmjs.org/@apimatic/core/-/core-0.10.15.tgz",
      "integrity": "sha512-y7WvCHfPB5GTjmdAhTYom2q13AmgqzLYB1vO2MDfcvQWB+dLZnnOwqSXdzUWchiBe3y60oAc/M3MNn2hqHKEhQ==",
      "license": "MIT",
      "dependencies": {
        "@apimatic/convert-to-stream": "^0.0.2",
        "@apimatic/core-interfaces": "^0.2.7",
        "@apimatic/file-wrapper": "^0.3.3",
        "@apimatic/http-headers": "^0.3.3",
        "@apimatic/http-query": "^0.3.3",
        "@apimatic/json-bigint": "^1.2.0",
        "@apimatic/schema": "^0.7.13",
        "detect-browser": "^5.3.0",
        "detect-node": "^2.0.4",
        "form-data": "^3.0.0",
        "json-ptr": "^3.1.0",
        "lodash.defaultsdeep": "^4.6.1",
        "lodash.flatmap": "^4.5.0",
        "tiny-warning": "^1.0.3",
        "tslib": "^2.1.0"
      },
      "engines": {
        "node": ">=14.15.0 || >=16.0.0"
      }
    },
    "node_modules/@apimatic/core-interfaces": {
      "version": "0.2.7",
      "resolved": "https://registry.npmjs.org/@apimatic/core-interfaces/-/core-interfaces-0.2.7.tgz",
      "integrity": "sha512-ZGvUL9ka1vuyj/zNwShmqaX38nvLS4QcQOtfuPy/WI65HJv+mdMQxWoHTyjvVq/zVs+YRDgN0UXE2MzkqGoDjQ==",
      "license": "MIT",
      "dependencies": {
        "@apimatic/file-wrapper": "^0.3.3",
        "tslib": "^2.1.0"
      },
      "engines": {
        "node": ">=14.15.0 || >=16.0.0"
      }
    },
    "node_modules/@apimatic/core/node_modules/@apimatic/convert-to-stream": {
      "version": "0.0.2",
      "resolved": "https://registry.npmjs.org/@apimatic/convert-to-stream/-/convert-to-stream-0.0.2.tgz",
      "integrity": "sha512-1DRg17ItExfMYsXwjt6WIjJSCgV5RGg3fHPLgYD44/YmiU+7suWj7YfPKKUqmNcnJ/AvMh4lG1+tHrfOT01zXw==",
      "license": "ISC",
      "engines": {
        "node": ">=10.4.0"
      }
    },
    "node_modules/@apimatic/file-wrapper": {
      "version": "0.3.3",
      "resolved": "https://registry.npmjs.org/@apimatic/file-wrapper/-/file-wrapper-0.3.3.tgz",
      "integrity": "sha512-XIyiRb7PtbILJCof5RKJdElLiRakUk9DQRBYqzUjp1H1tM9MjKTnPYvKa9Rkel+o/wJ1RcB/IEwPtYhYWzQtow==",
      "license": "MIT",
      "dependencies": {
        "tslib": "^2.1.0"
      },
      "engines": {
        "node": ">=14.15.0 || >=16.0.0"
      }
    },
    "node_modules/@apimatic/http-headers": {
      "version": "0.3.3",
      "resolved": "https://registry.npmjs.org/@apimatic/http-headers/-/http-headers-0.3.3.tgz",
      "integrity": "sha512-xfDipaFoYgazLJnaEPeG72TOZOQj1PqhJ8zQgpo4Tsr1D/ggmFyiJnuD7RwSqZXCfiMgcRWN0Xzi2mrk0unhrQ==",
      "license": "MIT",
      "dependencies": {
        "tslib": "^2.1.0"
      },
      "engines": {
        "node": ">=14.15.0 || >=16.0.0"
      }
    },
    "node_modules/@apimatic/http-query": {
      "version": "0.3.3",
      "resolved": "https://registry.npmjs.org/@apimatic/http-query/-/http-query-0.3.3.tgz",
      "integrity": "sha512-omPc56Bv5o/6QL6rcXfCkZfJ/NFl4yD+vVfotfVYeyb4ewGWCD8pc6v6cSOwID2A06pK2wy41ltjiuSkaQ+QIA==",
      "license": "MIT",
      "dependencies": {
        "@apimatic/file-wrapper": "^0.3.3",
        "tslib": "^2.1.0"
      },
      "engines": {
        "node": ">=14.15.0 || >=16.0.0"
      }
    },
    "node_modules/@apimatic/json-bigint": {
      "version": "1.2.0",
      "resolved": "https://registry.npmjs.org/@apimatic/json-bigint/-/json-bigint-1.2.0.tgz",
      "integrity": "sha512-+bmVzYMdZu0Ya5L+my4FXFUih54OvQA/qlZsFOYdOoostyUuB27UDrVWQs/WVCmS0ADdo5vTU0eeTrrBkHoySw==",
      "license": "MIT"
    },
    "node_modules/@apimatic/schema": {
      "version": "0.7.13",
      "resolved": "https://registry.npmjs.org/@apimatic/schema/-/schema-0.7.13.tgz",
      "integrity": "sha512-nGeOFuCG8EhNgbWkJ2Ij6PvX82Rc5WPOWEewweHsKXBPuGy1MhtQBGQjp0xjQNf64jD644Td1lKttWt78AU4rA==",
      "license": "MIT",
      "dependencies": {
        "tslib": "^2.1.0"
      },
      "engines": {
        "node": ">=14.15.0 || >=16.0.0"
      }
    },
    "node_modules/@square/web-payments-sdk-types": {
      "version": "1.62.0",
      "resolved": "https://registry.npmjs.org/@square/web-payments-sdk-types/-/web-payments-sdk-types-1.62.0.tgz",
      "integrity": "sha512-1KtON/EEyOf0TEkdmA9v7k6JcLhdJY1BU1BsMgkZlyKCSpQiyiTinrZf5qaPi/bcss9UavzDCunOBBZ7ssEugA==",
      "license": "Apache-2.0",
      "dependencies": {
        "typescript": "^4.9.5"
      }
    },
    "node_modules/@square/web-sdk": {
      "version": "2.0.1",
      "resolved": "https://registry.npmjs.org/@square/web-sdk/-/web-sdk-2.0.1.tgz",
      "integrity": "sha512-m+pauPLJUHO4qzBNKlHRMe+qDAhQdbEd7g/v/SW8BWZARwJC0liHB4AnVAJuM/7JMFEPiT2ZO3SRt1VQsCeoYg==",
      "license": "Apache-2.0",
      "dependencies": {
        "@square/web-payments-sdk-types": "^1.1.1"
      },
      "engines": {
        "node": "^12.20.0 || ^14.13.1 || >=16.0.0"
      }
    },
    "node_modules/@stitches/react": {
      "version": "1.2.8",
      "resolved": "https://registry.npmjs.org/@stitches/react/-/react-1.2.8.tgz",
      "integrity": "sha512-9g9dWI4gsSVe8bNLlb+lMkBYsnIKCZTmvqvDG+Avnn69XfmHZKiaMrx7cgTaddq7aTPPmXiTsbFcUy0xgI4+wA==",
      "license": "MIT",
      "peerDependencies": {
        "react": ">= 16.3.0"
      }
    },
    "node_modules/@types/node": {
      "version": "14.18.63",
      "resolved": "https://registry.npmjs.org/@types/node/-/node-14.18.63.tgz",
      "integrity": "sha512-fAtCfv4jJg+ExtXhvCkCqUKZ+4ok/JQk01qDKhL5BDDoS3AxKXhV5/MAVUZyQnSEd2GT92fkgZl0pz0Q0AzcIQ==",
      "license": "MIT"
    },
    "node_modules/asynckit": {
      "version": "0.4.0",
      "resolved": "https://registry.npmjs.org/asynckit/-/asynckit-0.4.0.tgz",
      "integrity": "sha512-Oei9OH4tRh0YqU3GxhX79dM/mwVgvbZJaSNaRk+bshkj0S5cfHcgYakreBjrHwatXKbz+IoIdYLxrKim2MjW0Q==",
      "license": "MIT"
    },
    "node_modules/axios": {
      "version": "1.7.7",
      "resolved": "https://registry.npmjs.org/axios/-/axios-1.7.7.tgz",
      "integrity": "sha512-S4kL7XrjgBmvdGut0sN3yJxqYzrDOnivkBiN0OFs6hLiUam3UPvswUo0kqGyhqUZGEOytHyumEdXsAkgCOUf3Q==",
      "license": "MIT",
      "dependencies": {
        "follow-redirects": "^1.15.6",
        "form-data": "^4.0.0",
        "proxy-from-env": "^1.1.0"
      }
    },
    "node_modules/axios/node_modules/form-data": {
      "version": "4.0.1",
      "resolved": "https://registry.npmjs.org/form-data/-/form-data-4.0.1.tgz",
      "integrity": "sha512-tzN8e4TX8+kkxGPK8D5u0FNmjPUjw3lwC9lSLxxoB/+GtsJG91CO8bSWy73APlgAZzZbXEYZJuxjkHH2w+Ezhw==",
      "license": "MIT",
      "dependencies": {
        "asynckit": "^0.4.0",
        "combined-stream": "^1.0.8",
        "mime-types": "^2.1.12"
      },
      "engines": {
        "node": ">= 6"
      }
    },
    "node_modules/combined-stream": {
      "version": "1.0.8",
      "resolved": "https://registry.npmjs.org/combined-stream/-/combined-stream-1.0.8.tgz",
      "integrity": "sha512-FQN4MRfuJeHf7cBbBMJFXhKSDq+2kAArBlmRBvcvFE5BB1HZKXtSFASDhdlz9zOYwxh8lDdnvmMOe/+5cdoEdg==",
      "license": "MIT",
      "dependencies": {
        "delayed-stream": "~1.0.0"
      },
      "engines": {
        "node": ">= 0.8"
      }
    },
    "node_modules/delayed-stream": {
      "version": "1.0.0",
      "resolved": "https://registry.npmjs.org/delayed-stream/-/delayed-stream-1.0.0.tgz",
      "integrity": "sha512-ZySD7Nf91aLB0RxL4KGrKHBXl7Eds1DAmEdcoVawXnLD7SDhpNgtuII2aAkg7a7QS41jxPSZ17p4VdGnMHk3MQ==",
      "license": "MIT",
      "engines": {
        "node": ">=0.4.0"
      }
    },
    "node_modules/detect-browser": {
      "version": "5.3.0",
      "resolved": "https://registry.npmjs.org/detect-browser/-/detect-browser-5.3.0.tgz",
      "integrity": "sha512-53rsFbGdwMwlF7qvCt0ypLM5V5/Mbl0szB7GPN8y9NCcbknYOeVVXdrXEq+90IwAfrrzt6Hd+u2E2ntakICU8w==",
      "license": "MIT"
    },
    "node_modules/detect-node": {
      "version": "2.1.0",
      "resolved": "https://registry.npmjs.org/detect-node/-/detect-node-2.1.0.tgz",
      "integrity": "sha512-T0NIuQpnTvFDATNuHN5roPwSBG83rFsuO+MXXH9/3N1eFbn4wcPjttvjMLEPWJ0RGUYgQE7cGgS3tNxbqCGM7g==",
      "license": "MIT"
    },
    "node_modules/follow-redirects": {
      "version": "1.15.9",
      "resolved": "https://registry.npmjs.org/follow-redirects/-/follow-redirects-1.15.9.tgz",
      "integrity": "sha512-gew4GsXizNgdoRyqmyfMHyAmXsZDk6mHkSxZFCzW9gwlbtOW44CDtYavM+y+72qD/Vq2l550kMF52DT8fOLJqQ==",
      "funding": [
        {
          "type": "individual",
          "url": "https://github.com/sponsors/RubenVerborgh"
        }
      ],
      "license": "MIT",
      "engines": {
        "node": ">=4.0"
      },
      "peerDependenciesMeta": {
        "debug": {
          "optional": true
        }
      }
    },
    "node_modules/form-data": {
      "version": "3.0.2",
      "resolved": "https://registry.npmjs.org/form-data/-/form-data-3.0.2.tgz",
      "integrity": "sha512-sJe+TQb2vIaIyO783qN6BlMYWMw3WBOHA1Ay2qxsnjuafEOQFJ2JakedOQirT6D5XPRxDvS7AHYyem9fTpb4LQ==",
      "license": "MIT",
      "dependencies": {
        "asynckit": "^0.4.0",
        "combined-stream": "^1.0.8",
        "mime-types": "^2.1.12"
      },
      "engines": {
        "node": ">= 6"
      }
    },
    "node_modules/js-tokens": {
      "version": "4.0.0",
      "resolved": "https://registry.npmjs.org/js-tokens/-/js-tokens-4.0.0.tgz",
      "integrity": "sha512-RdJUflcE3cUzKiMqQgsCu06FPu9UdIJO0beYbPhHN4k6apgJtifcoCtT9bcxOpYBtpD2kCM6Sbzg4CausW/PKQ==",
      "license": "MIT",
      "peer": true
    },
    "node_modules/json-ptr": {
      "version": "3.1.1",
      "resolved": "https://registry.npmjs.org/json-ptr/-/json-ptr-3.1.1.tgz",
      "integrity": "sha512-SiSJQ805W1sDUCD1+/t1/1BIrveq2Fe9HJqENxZmMCILmrPI7WhS/pePpIOx85v6/H2z1Vy7AI08GV2TzfXocg==",
      "license": "MIT"
    },
    "node_modules/lodash.defaultsdeep": {
      "version": "4.6.1",
      "resolved": "https://registry.npmjs.org/lodash.defaultsdeep/-/lodash.defaultsdeep-4.6.1.tgz",
      "integrity": "sha512-3j8wdDzYuWO3lM3Reg03MuQR957t287Rpcxp1njpEa8oDrikb+FwGdW3n+FELh/A6qib6yPit0j/pv9G/yeAqA==",
      "license": "MIT"
    },
    "node_modules/lodash.flatmap": {
      "version": "4.5.0",
      "resolved": "https://registry.npmjs.org/lodash.flatmap/-/lodash.flatmap-4.5.0.tgz",
      "integrity": "sha512-/OcpcAGWlrZyoHGeHh3cAoa6nGdX6QYtmzNP84Jqol6UEQQ2gIaU3H+0eICcjcKGl0/XF8LWOujNn9lffsnaOg==",
      "license": "MIT"
    },
    "node_modules/loose-envify": {
      "version": "1.4.0",
      "resolved": "https://registry.npmjs.org/loose-envify/-/loose-envify-1.4.0.tgz",
      "integrity": "sha512-lyuxPGr/Wfhrlem2CL/UcnUc1zcqKAImBDzukY7Y5F/yQiNdko6+fRLevlw1HgMySw7f611UIY408EtxRSoK3Q==",
      "license": "MIT",
      "peer": true,
      "dependencies": {
        "js-tokens": "^3.0.0 || ^4.0.0"
      },
      "bin": {
        "loose-envify": "cli.js"
      }
    },
    "node_modules/mime-db": {
      "version": "1.52.0",
      "resolved": "https://registry.npmjs.org/mime-db/-/mime-db-1.52.0.tgz",
      "integrity": "sha512-sPU4uV7dYlvtWJxwwxHD0PuihVNiE7TyAbQ5SWxDCB9mUYvOgroQOwYQQOKPJ8CIbE+1ETVlOoK1UC2nU3gYvg==",
      "license": "MIT",
      "engines": {
        "node": ">= 0.6"
      }
    },
    "node_modules/mime-types": {
      "version": "2.1.35",
      "resolved": "https://registry.npmjs.org/mime-types/-/mime-types-2.1.35.tgz",
      "integrity": "sha512-ZDY+bPm5zTTF+YpCrAU9nK0UgICYPT0QtT1NZWFv4s++TNkcgVaT0g6+4R2uI4MjQjzysHB1zxuWL50hzaeXiw==",
      "license": "MIT",
      "dependencies": {
        "mime-db": "1.52.0"
      },
      "engines": {
        "node": ">= 0.6"
      }
    },
    "node_modules/proxy-from-env": {
      "version": "1.1.0",
      "resolved": "https://registry.npmjs.org/proxy-from-env/-/proxy-from-env-1.1.0.tgz",
      "integrity": "sha512-D+zkORCbA9f1tdWRK0RaCR3GPv50cMxcrz4X8k5LTSUD1Dkw47mKJEZQNunItRTkWwgtaUSo1RVFRIG9ZXiFYg==",
      "license": "MIT"
    },
    "node_modules/react": {
      "version": "18.3.1",
      "resolved": "https://registry.npmjs.org/react/-/react-18.3.1.tgz",
      "integrity": "sha512-wS+hAgJShR0KhEvPJArfuPVN1+Hz1t0Y6n5jLrGQbkb4urgPE/0Rve+1kMB1v/oWgHgm4WIcV+i7F2pTVj+2iQ==",
      "license": "MIT",
      "peer": true,
      "dependencies": {
        "loose-envify": "^1.1.0"
      },
      "engines": {
        "node": ">=0.10.0"
      }
    },
    "node_modules/react-square-web-payments-sdk": {
      "version": "3.2.1",
      "resolved": "https://registry.npmjs.org/react-square-web-payments-sdk/-/react-square-web-payments-sdk-3.2.1.tgz",
      "integrity": "sha512-XhW4snpCfUNaVqS652dDWSWJd+r9OftkqmvP9hix5ISEV8Foo9QrGDe33t1w+uMIl9ox1EWlexGb0yDe8ZYamQ==",
      "license": "MIT",
      "dependencies": {
        "@square/web-sdk": "^2.0.0",
        "@stitches/react": "^1.2.8"
      },
      "peerDependencies": {
        "react": "^16 || ^17 || ^18"
      }
    },
    "node_modules/square": {
      "version": "38.2.0",
      "resolved": "https://registry.npmjs.org/square/-/square-38.2.0.tgz",
      "integrity": "sha512-+eYoLox+H0Zk0EWx1p9TB+iGl7q+eBhKo3X7Xq4Stn3Ue+DeKHjnqdvVUp0+vF2Qi6DT0x5QJEi15i9IoRthig==",
      "license": "MIT",
      "dependencies": {
        "@apimatic/authentication-adapters": "^0.5.4",
        "@apimatic/axios-client-adapter": "^0.3.4",
        "@apimatic/core": "^0.10.14",
        "@apimatic/json-bigint": "^1.2.0",
        "@apimatic/schema": "^0.7.12",
        "@types/node": "^14.14.30"
      },
      "engines": {
        "node": ">=14.17.0"
      }
    },
    "node_modules/tiny-warning": {
      "version": "1.0.3",
      "resolved": "https://registry.npmjs.org/tiny-warning/-/tiny-warning-1.0.3.tgz",
      "integrity": "sha512-lBN9zLN/oAf68o3zNXYrdCt1kP8WsiGW8Oo2ka41b2IM5JL/S1CTyX1rW0mb/zSuJun0ZUrDxx4sqvYS2FWzPA==",
      "license": "MIT"
    },
    "node_modules/tslib": {
      "version": "2.8.0",
      "resolved": "https://registry.npmjs.org/tslib/-/tslib-2.8.0.tgz",
      "integrity": "sha512-jWVzBLplnCmoaTr13V9dYbiQ99wvZRd0vNWaDRg+aVYRcjDF3nDksxFDE/+fkXnKhpnUUkmx5pK/v8mCtLVqZA==",
      "license": "0BSD"
    },
    "node_modules/typescript": {
      "version": "4.9.5",
      "resolved": "https://registry.npmjs.org/typescript/-/typescript-4.9.5.tgz",
      "integrity": "sha512-1FXk9E2Hm+QzZQ7z+McJiHL4NW1F2EzMu9Nq9i3zAaGqibafqYwCVU6WyWAuyQRRzOlxou8xZSyXLEN8oKj24g==",
      "license": "Apache-2.0",
      "bin": {
        "tsc": "bin/tsc",
        "tsserver": "bin/tsserver"
      },
      "engines": {
        "node": ">=4.2.0"
      }
    }
  }
}
